<?xml version="1.0" encoding="utf-8"?>
<Project ToolsVersion="4.0" xmlns="http://schemas.microsoft.com/developer/msbuild/2003">
  <ItemGroup>
    <Filter Include="Form Files">
      <UniqueIdentifier>{99349809-55BA-4b9d-BF79-8FDBB0286EB3}</UniqueIdentifier>
      <Extensions>ui</Extensions>
      <ParseFiles>false</ParseFiles>
    </Filter>
    <Filter Include="Form Files">
      <UniqueIdentifier>{99349809-55BA-4b9d-BF79-8FDBB0286EB3}</UniqueIdentifier>
      <Extensions>ui</Extensions>
      <ParseFiles>false</ParseFiles>
    </Filter>
    <Filter Include="Generated Files">
      <UniqueIdentifier>{71ED8ED8-ACB9-4CE9-BBE1-E00B30144E11}</UniqueIdentifier>
      <Extensions>cpp;c;cxx;moc;h;def;odl;idl;res;</Extensions>
    </Filter>
    <Filter Include="Generated Files">
      <UniqueIdentifier>{71ED8ED8-ACB9-4CE9-BBE1-E00B30144E11}</UniqueIdentifier>
      <Extensions>cpp;c;cxx;moc;h;def;odl;idl;res;</Extensions>
    </Filter>
    <Filter Include="Header Files">
      <UniqueIdentifier>{93995380-89BD-4b04-88EB-625FBE52EBFB}</UniqueIdentifier>
      <Extensions>h;hpp;hxx;hm;inl;inc;xsd</Extensions>
    </Filter>
    <Filter Include="Header Files">
      <UniqueIdentifier>{93995380-89BD-4b04-88EB-625FBE52EBFB}</UniqueIdentifier>
      <Extensions>h;hpp;hxx;hm;inl;inc;xsd</Extensions>
    </Filter>
    <Filter Include="Resource Files">
      <UniqueIdentifier>{D9D6E242-F8AF-46E4-B9FD-80ECBC20BA3E}</UniqueIdentifier>
      <Extensions>qrc;*</Extensions>
      <ParseFiles>false</ParseFiles>
    </Filter>
    <Filter Include="Resource Files">
      <UniqueIdentifier>{D9D6E242-F8AF-46E4-B9FD-80ECBC20BA3E}</UniqueIdentifier>
      <Extensions>qrc;*</Extensions>
      <ParseFiles>false</ParseFiles>
    </Filter>
    <Filter Include="Source Files">
      <UniqueIdentifier>{4FC737F1-C7A5-4376-A066-2A32D752A2FF}</UniqueIdentifier>
      <Extensions>cpp;c;cxx;def;odl;idl;hpj;bat;asm;asmx</Extensions>
    </Filter>
    <Filter Include="Source Files">
      <UniqueIdentifier>{4FC737F1-C7A5-4376-A066-2A32D752A2FF}</UniqueIdentifier>
      <Extensions>cpp;c;cxx;def;odl;idl;hpj;bat;asm;asmx</Extensions>
    </Filter>
  </ItemGroup>
  <ItemGroup>
    <ClCompile Include="ChartView.cpp">
      <Filter>Source Files</Filter>
    </ClCompile>
    <ClCompile Include="CompassFactory.cpp">
      <Filter>Source Files</Filter>
    </ClCompile>
    <ClCompile Include="Monitor.cpp">
      <Filter>Source Files</Filter>
    </ClCompile>
    <ClCompile Include="SettingWindow.cpp">
      <Filter>Source Files</Filter>
    </ClCompile>
    <ClCompile Include="ToolWindow.cpp">
      <Filter>Source Files</Filter>
    </ClCompile>
    <ClCompile Include="Workbench.cpp">
      <Filter>Source Files</Filter>
    </ClCompile>
    <ClCompile Include="attitude_indicator.cpp">
      <Filter>Source Files</Filter>
    </ClCompile>
    <ClCompile Include="main.cpp">
      <Filter>Source Files</Filter>
    </ClCompile>
    <ClCompile Include="speedo_meter.cpp">
      <Filter>Source Files</Filter>
    </ClCompile>
  </ItemGroup>
  <ItemGroup>
    <ClInclude Include="ChartView.h">
      <Filter>Header Files</Filter>
    </ClInclude>
    <ClInclude Include="CompassFactory.h">
      <Filter>Header Files</Filter>
    </ClInclude>
    <ClInclude Include="Monitor.h">
      <Filter>Header Files</Filter>
    </ClInclude>
    <ClInclude Include="SettingWindow.h">
      <Filter>Header Files</Filter>
    </ClInclude>
    <ClInclude Include="ToolWindow.h">
      <Filter>Header Files</Filter>
    </ClInclude>
    <ClInclude Include="Workbench.h">
      <Filter>Header Files</Filter>
    </ClInclude>
    <ClInclude Include="attitude_indicator.h">
      <Filter>Header Files</Filter>
    </ClInclude>
    <ClInclude Include="speedo_meter.h">
      <Filter>Header Files</Filter>
    </ClInclude>
  </ItemGroup>
  <ItemGroup>
    <CustomBuild Include="debug\moc_predefs.h.cbt">
      <Filter>Generated Files</Filter>
    </CustomBuild>
    <CustomBuild Include="release\moc_predefs.h.cbt">
      <Filter>Generated Files</Filter>
    </CustomBuild>
    <ClCompile Include="debug\qrc_resource.cpp">
      <Filter>Generated Files</Filter>
    </ClCompile>
    <ClCompile Include="release\qrc_resource.cpp">
      <Filter>Generated Files</Filter>
    </ClCompile>
    <ClInclude Include="ui_Monitor.h">
      <Filter>Generated Files</Filter>
    </ClInclude>
    <ClInclude Include="ui_SettingWindow.h">
      <Filter>Generated Files</Filter>
    </ClInclude>
    <ClInclude Include="ui_ToolWindow.h">
      <Filter>Generated Files</Filter>
    </ClInclude>
    <ClInclude Include="ui_Workbench.h">
      <Filter>Generated Files</Filter>
    </ClInclude>
  </ItemGroup>
  <ItemGroup>
    <CustomBuild Include="Monitor.ui">
      <Filter>Form Files</Filter>
    </CustomBuild>
    <CustomBuild Include="SettingWindow.ui">
      <Filter>Form Files</Filter>
    </CustomBuild>
    <CustomBuild Include="ToolWindow.ui">
      <Filter>Form Files</Filter>
    </CustomBuild>
    <CustomBuild Include="Workbench.ui">
      <Filter>Form Files</Filter>
    </CustomBuild>
  </ItemGroup>
  <ItemGroup>
    <None Include="ChartView.cpp">
      <Filter>Resource Files</Filter>
    </None>
    <None Include="CompassFactory.cpp">
      <Filter>Resource Files</Filter>
    </None>
    <None Include="CustomControl.cpp">
      <Filter>Resource Files</Filter>
    </None>
    <None Include="CustomControl.h">
      <Filter>Resource Files</Filter>
    </None>
    <None Include="Monitor.cpp">
      <Filter>Resource Files</Filter>
    </None>
    <None Include="SettingWindow.cpp">
      <Filter>Resource Files</Filter>
    </None>
    <None Include="ToolWindow.cpp">
      <Filter>Resource Files</Filter>
    </None>
    <None Include="qml\qmlaxes\View1.qml">
      <Filter>Resource Files</Filter>
    </None>
    <None Include="qml\qmlaxes\View2.qml">
      <Filter>Resource Files</Filter>
    </None>
    <None Include="qml\qmlaxes\View3.qml">
      <Filter>Resource Files</Filter>
    </None>
    <None Include="Workbench.cpp">
      <Filter>Resource Files</Filter>
    </None>
    <None Include="attitude_indicator.cpp">
      <Filter>Resource Files</Filter>
    </None>
    <None Include="main.cpp">
      <Filter>Resource Files</Filter>
    </None>
    <None Include="qml\qmlaxes\main.qml">
      <Filter>Resource Files</Filter>
    </None>
    <None Include="QWT\qwt.h">
      <Filter>Resource Files</Filter>
    </None>
    <None Include="QWT\qwt_abstract_legend.cpp">
      <Filter>Resource Files</Filter>
    </None>
    <None Include="QWT\qwt_abstract_legend.h">
      <Filter>Resource Files</Filter>
    </None>
    <None Include="QWT\qwt_abstract_scale.cpp">
      <Filter>Resource Files</Filter>
    </None>
    <None Include="QWT\qwt_abstract_scale.h">
      <Filter>Resource Files</Filter>
    </None>
    <None Include="QWT\qwt_abstract_scale_draw.cpp">
      <Filter>Resource Files</Filter>
    </None>
    <None Include="QWT\qwt_abstract_scale_draw.h">
      <Filter>Resource Files</Filter>
    </None>
    <None Include="QWT\qwt_abstract_slider.cpp">
      <Filter>Resource Files</Filter>
    </None>
    <None Include="QWT\qwt_abstract_slider.h">
      <Filter>Resource Files</Filter>
    </None>
    <None Include="QWT\qwt_analog_clock.cpp">
      <Filter>Resource Files</Filter>
    </None>
    <None Include="QWT\qwt_analog_clock.h">
      <Filter>Resource Files</Filter>
    </None>
    <None Include="QWT\qwt_arrow_button.cpp">
      <Filter>Resource Files</Filter>
    </None>
    <None Include="QWT\qwt_arrow_button.h">
      <Filter>Resource Files</Filter>
    </None>
    <None Include="QWT\qwt_clipper.cpp">
      <Filter>Resource Files</Filter>
    </None>
    <None Include="QWT\qwt_clipper.h">
      <Filter>Resource Files</Filter>
    </None>
    <None Include="QWT\qwt_color_map.cpp">
      <Filter>Resource Files</Filter>
    </None>
    <None Include="QWT\qwt_color_map.h">
      <Filter>Resource Files</Filter>
    </None>
    <None Include="QWT\qwt_column_symbol.cpp">
      <Filter>Resource Files</Filter>
    </None>
    <None Include="QWT\qwt_column_symbol.h">
      <Filter>Resource Files</Filter>
    </None>
    <None Include="QWT\qwt_compass.cpp">
      <Filter>Resource Files</Filter>
    </None>
    <None Include="QWT\qwt_compass.h">
      <Filter>Resource Files</Filter>
    </None>
    <None Include="QWT\qwt_compass_rose.cpp">
      <Filter>Resource Files</Filter>
    </None>
    <None Include="QWT\qwt_compass_rose.h">
      <Filter>Resource Files</Filter>
    </None>
    <None Include="QWT\qwt_compat.h">
      <Filter>Resource Files</Filter>
    </None>
    <None Include="QWT\qwt_counter.cpp">
      <Filter>Resource Files</Filter>
    </None>
    <None Include="QWT\qwt_counter.h">
      <Filter>Resource Files</Filter>
    </None>
    <None Include="QWT\qwt_curve_fitter.cpp">
      <Filter>Resource Files</Filter>
    </None>
    <None Include="QWT\qwt_curve_fitter.h">
      <Filter>Resource Files</Filter>
    </None>
    <None Include="QWT\qwt_date.cpp">
      <Filter>Resource Files</Filter>
    </None>
    <None Include="QWT\qwt_date.h">
      <Filter>Resource Files</Filter>
    </None>
    <None Include="QWT\qwt_date_scale_draw.cpp">
      <Filter>Resource Files</Filter>
    </None>
    <None Include="QWT\qwt_date_scale_draw.h">
      <Filter>Resource Files</Filter>
    </None>
    <None Include="QWT\qwt_date_scale_engine.cpp">
      <Filter>Resource Files</Filter>
    </None>
    <None Include="QWT\qwt_date_scale_engine.h">
      <Filter>Resource Files</Filter>
    </None>
    <None Include="QWT\qwt_dial.cpp">
      <Filter>Resource Files</Filter>
    </None>
    <None Include="QWT\qwt_dial.h">
      <Filter>Resource Files</Filter>
    </None>
    <None Include="QWT\qwt_dial_needle.cpp">
      <Filter>Resource Files</Filter>
    </None>
    <None Include="QWT\qwt_dial_needle.h">
      <Filter>Resource Files</Filter>
    </None>
    <None Include="QWT\qwt_dyngrid_layout.cpp">
      <Filter>Resource Files</Filter>
    </None>
    <None Include="QWT\qwt_dyngrid_layout.h">
      <Filter>Resource Files</Filter>
    </None>
    <None Include="QWT\qwt_event_pattern.cpp">
      <Filter>Resource Files</Filter>
    </None>
    <None Include="QWT\qwt_event_pattern.h">
      <Filter>Resource Files</Filter>
    </None>
    <None Include="QWT\qwt_global.h">
      <Filter>Resource Files</Filter>
    </None>
    <None Include="QWT\qwt_graphic.cpp">
      <Filter>Resource Files</Filter>
    </None>
    <None Include="QWT\qwt_graphic.h">
      <Filter>Resource Files</Filter>
    </None>
    <None Include="QWT\qwt_interval.cpp">
      <Filter>Resource Files</Filter>
    </None>
    <None Include="QWT\qwt_interval.h">
      <Filter>Resource Files</Filter>
    </None>
    <None Include="QWT\qwt_interval_symbol.cpp">
      <Filter>Resource Files</Filter>
    </None>
    <None Include="QWT\qwt_interval_symbol.h">
      <Filter>Resource Files</Filter>
    </None>
    <None Include="QWT\qwt_knob.cpp">
      <Filter>Resource Files</Filter>
    </None>
    <None Include="QWT\qwt_knob.h">
      <Filter>Resource Files</Filter>
    </None>
    <None Include="QWT\qwt_legend.cpp">
      <Filter>Resource Files</Filter>
    </None>
    <None Include="QWT\qwt_legend.h">
      <Filter>Resource Files</Filter>
    </None>
    <None Include="QWT\qwt_legend_data.cpp">
      <Filter>Resource Files</Filter>
    </None>
    <None Include="QWT\qwt_legend_data.h">
      <Filter>Resource Files</Filter>
    </None>
    <None Include="QWT\qwt_legend_label.cpp">
      <Filter>Resource Files</Filter>
    </None>
    <None Include="QWT\qwt_legend_label.h">
      <Filter>Resource Files</Filter>
    </None>
    <None Include="QWT\qwt_magnifier.cpp">
      <Filter>Resource Files</Filter>
    </None>
    <None Include="QWT\qwt_magnifier.h">
      <Filter>Resource Files</Filter>
    </None>
    <None Include="QWT\qwt_math.cpp">
      <Filter>Resource Files</Filter>
    </None>
    <None Include="QWT\qwt_math.h">
      <Filter>Resource Files</Filter>
    </None>
    <None Include="QWT\qwt_matrix_raster_data.cpp">
      <Filter>Resource Files</Filter>
    </None>
    <None Include="QWT\qwt_matrix_raster_data.h">
      <Filter>Resource Files</Filter>
    </None>
    <None Include="QWT\qwt_null_paintdevice.cpp">
      <Filter>Resource Files</Filter>
    </None>
    <None Include="QWT\qwt_null_paintdevice.h">
      <Filter>Resource Files</Filter>
    </None>
    <None Include="QWT\qwt_painter.cpp">
      <Filter>Resource Files</Filter>
    </None>
    <None Include="QWT\qwt_painter.h">
      <Filter>Resource Files</Filter>
    </None>
    <None Include="QWT\qwt_painter_command.cpp">
      <Filter>Resource Files</Filter>
    </None>
    <None Include="QWT\qwt_painter_command.h">
      <Filter>Resource Files</Filter>
    </None>
    <None Include="QWT\qwt_panner.cpp">
      <Filter>Resource Files</Filter>
    </None>
    <None Include="QWT\qwt_panner.h">
      <Filter>Resource Files</Filter>
    </None>
    <None Include="QWT\qwt_picker.cpp">
      <Filter>Resource Files</Filter>
    </None>
    <None Include="QWT\qwt_picker.h">
      <Filter>Resource Files</Filter>
    </None>
    <None Include="QWT\qwt_picker_machine.cpp">
      <Filter>Resource Files</Filter>
    </None>
    <None Include="QWT\qwt_picker_machine.h">
      <Filter>Resource Files</Filter>
    </None>
    <None Include="QWT\qwt_pixel_matrix.cpp">
      <Filter>Resource Files</Filter>
    </None>
    <None Include="QWT\qwt_pixel_matrix.h">
      <Filter>Resource Files</Filter>
    </None>
    <None Include="QWT\qwt_plot.cpp">
      <Filter>Resource Files</Filter>
    </None>
    <None Include="QWT\qwt_plot.h">
      <Filter>Resource Files</Filter>
    </None>
    <None Include="QWT\qwt_plot_abstract_barchart.cpp">
      <Filter>Resource Files</Filter>
    </None>
    <None Include="QWT\qwt_plot_abstract_barchart.h">
      <Filter>Resource Files</Filter>
    </None>
    <None Include="QWT\qwt_plot_axis.cpp">
      <Filter>Resource Files</Filter>
    </None>
    <None Include="QWT\qwt_plot_barchart.cpp">
      <Filter>Resource Files</Filter>
    </None>
    <None Include="QWT\qwt_plot_barchart.h">
      <Filter>Resource Files</Filter>
    </None>
    <None Include="QWT\qwt_plot_canvas.cpp">
      <Filter>Resource Files</Filter>
    </None>
    <None Include="QWT\qwt_plot_canvas.h">
      <Filter>Resource Files</Filter>
    </None>
    <None Include="QWT\qwt_plot_curve.cpp">
      <Filter>Resource Files</Filter>
    </None>
    <None Include="QWT\qwt_plot_curve.h">
      <Filter>Resource Files</Filter>
    </None>
    <None Include="QWT\qwt_plot_dict.cpp">
      <Filter>Resource Files</Filter>
    </None>
    <None Include="QWT\qwt_plot_dict.h">
      <Filter>Resource Files</Filter>
    </None>
    <None Include="QWT\qwt_plot_directpainter.cpp">
      <Filter>Resource Files</Filter>
    </None>
    <None Include="QWT\qwt_plot_directpainter.h">
      <Filter>Resource Files</Filter>
    </None>
    <None Include="QWT\qwt_plot_glcanvas.cpp">
      <Filter>Resource Files</Filter>
    </None>
    <None Include="QWT\qwt_plot_glcanvas.h">
      <Filter>Resource Files</Filter>
    </None>
    <None Include="QWT\qwt_plot_grid.cpp">
      <Filter>Resource Files</Filter>
    </None>
    <None Include="QWT\qwt_plot_grid.h">
      <Filter>Resource Files</Filter>
    </None>
    <None Include="QWT\qwt_plot_histogram.cpp">
      <Filter>Resource Files</Filter>
    </None>
    <None Include="QWT\qwt_plot_histogram.h">
      <Filter>Resource Files</Filter>
    </None>
    <None Include="QWT\qwt_plot_intervalcurve.cpp">
      <Filter>Resource Files</Filter>
    </None>
    <None Include="QWT\qwt_plot_intervalcurve.h">
      <Filter>Resource Files</Filter>
    </None>
    <None Include="QWT\qwt_plot_item.cpp">
      <Filter>Resource Files</Filter>
    </None>
    <None Include="QWT\qwt_plot_item.h">
      <Filter>Resource Files</Filter>
    </None>
    <None Include="QWT\qwt_plot_layout.cpp">
      <Filter>Resource Files</Filter>
    </None>
    <None Include="QWT\qwt_plot_layout.h">
      <Filter>Resource Files</Filter>
    </None>
    <None Include="QWT\qwt_plot_legenditem.cpp">
      <Filter>Resource Files</Filter>
    </None>
    <None Include="QWT\qwt_plot_legenditem.h">
      <Filter>Resource Files</Filter>
    </None>
    <None Include="QWT\qwt_plot_magnifier.cpp">
      <Filter>Resource Files</Filter>
    </None>
    <None Include="QWT\qwt_plot_magnifier.h">
      <Filter>Resource Files</Filter>
    </None>
    <None Include="QWT\qwt_plot_marker.cpp">
      <Filter>Resource Files</Filter>
    </None>
    <None Include="QWT\qwt_plot_marker.h">
      <Filter>Resource Files</Filter>
    </None>
    <None Include="QWT\qwt_plot_multi_barchart.cpp">
      <Filter>Resource Files</Filter>
    </None>
    <None Include="QWT\qwt_plot_multi_barchart.h">
      <Filter>Resource Files</Filter>
    </None>
    <None Include="QWT\qwt_plot_panner.cpp">
      <Filter>Resource Files</Filter>
    </None>
    <None Include="QWT\qwt_plot_panner.h">
      <Filter>Resource Files</Filter>
    </None>
    <None Include="QWT\qwt_plot_picker.cpp">
      <Filter>Resource Files</Filter>
    </None>
    <None Include="QWT\qwt_plot_picker.h">
      <Filter>Resource Files</Filter>
    </None>
    <None Include="QWT\qwt_plot_rasteritem.cpp">
      <Filter>Resource Files</Filter>
    </None>
    <None Include="QWT\qwt_plot_rasteritem.h">
      <Filter>Resource Files</Filter>
    </None>
    <None Include="QWT\qwt_plot_renderer.cpp">
      <Filter>Resource Files</Filter>
    </None>
    <None Include="QWT\qwt_plot_renderer.h">
      <Filter>Resource Files</Filter>
    </None>
    <None Include="QWT\qwt_plot_rescaler.cpp">
      <Filter>Resource Files</Filter>
    </None>
    <None Include="QWT\qwt_plot_rescaler.h">
      <Filter>Resource Files</Filter>
    </None>
    <None Include="QWT\qwt_plot_scaleitem.cpp">
      <Filter>Resource Files</Filter>
    </None>
    <None Include="QWT\qwt_plot_scaleitem.h">
      <Filter>Resource Files</Filter>
    </None>
    <None Include="QWT\qwt_plot_seriesitem.cpp">
      <Filter>Resource Files</Filter>
    </None>
    <None Include="QWT\qwt_plot_seriesitem.h">
      <Filter>Resource Files</Filter>
    </None>
    <None Include="QWT\qwt_plot_shapeitem.cpp">
      <Filter>Resource Files</Filter>
    </None>
    <None Include="QWT\qwt_plot_shapeitem.h">
      <Filter>Resource Files</Filter>
    </None>
    <None Include="QWT\qwt_plot_spectrocurve.cpp">
      <Filter>Resource Files</Filter>
    </None>
    <None Include="QWT\qwt_plot_spectrocurve.h">
      <Filter>Resource Files</Filter>
    </None>
    <None Include="QWT\qwt_plot_spectrogram.cpp">
      <Filter>Resource Files</Filter>
    </None>
    <None Include="QWT\qwt_plot_spectrogram.h">
      <Filter>Resource Files</Filter>
    </None>
    <None Include="QWT\qwt_plot_svgitem.cpp">
      <Filter>Resource Files</Filter>
    </None>
    <None Include="QWT\qwt_plot_svgitem.h">
      <Filter>Resource Files</Filter>
    </None>
    <None Include="QWT\qwt_plot_textlabel.cpp">
      <Filter>Resource Files</Filter>
    </None>
    <None Include="QWT\qwt_plot_textlabel.h">
      <Filter>Resource Files</Filter>
    </None>
    <None Include="QWT\qwt_plot_tradingcurve.cpp">
      <Filter>Resource Files</Filter>
    </None>
    <None Include="QWT\qwt_plot_tradingcurve.h">
      <Filter>Resource Files</Filter>
    </None>
    <None Include="QWT\qwt_plot_xml.cpp">
      <Filter>Resource Files</Filter>
    </None>
    <None Include="QWT\qwt_plot_zoneitem.cpp">
      <Filter>Resource Files</Filter>
    </None>
    <None Include="QWT\qwt_plot_zoneitem.h">
      <Filter>Resource Files</Filter>
    </None>
    <None Include="QWT\qwt_plot_zoomer.cpp">
      <Filter>Resource Files</Filter>
    </None>
    <None Include="QWT\qwt_plot_zoomer.h">
      <Filter>Resource Files</Filter>
    </None>
    <None Include="QWT\qwt_point_3d.cpp">
      <Filter>Resource Files</Filter>
    </None>
    <None Include="QWT\qwt_point_3d.h">
      <Filter>Resource Files</Filter>
    </None>
    <None Include="QWT\qwt_point_data.cpp">
      <Filter>Resource Files</Filter>
    </None>
    <None Include="QWT\qwt_point_data.h">
      <Filter>Resource Files</Filter>
    </None>
    <None Include="QWT\qwt_point_mapper.cpp">
      <Filter>Resource Files</Filter>
    </None>
    <None Include="QWT\qwt_point_mapper.h">
      <Filter>Resource Files</Filter>
    </None>
    <None Include="QWT\qwt_point_polar.cpp">
      <Filter>Resource Files</Filter>
    </None>
    <None Include="QWT\qwt_point_polar.h">
      <Filter>Resource Files</Filter>
    </None>
    <None Include="QWT\qwt_raster_data.cpp">
      <Filter>Resource Files</Filter>
    </None>
    <None Include="QWT\qwt_raster_data.h">
      <Filter>Resource Files</Filter>
    </None>
    <None Include="QWT\qwt_round_scale_draw.cpp">
      <Filter>Resource Files</Filter>
    </None>
    <None Include="QWT\qwt_round_scale_draw.h">
      <Filter>Resource Files</Filter>
    </None>
    <None Include="QWT\qwt_samples.h">
      <Filter>Resource Files</Filter>
    </None>
    <None Include="QWT\qwt_sampling_thread.cpp">
      <Filter>Resource Files</Filter>
    </None>
    <None Include="QWT\qwt_sampling_thread.h">
      <Filter>Resource Files</Filter>
    </None>
    <None Include="QWT\qwt_scale_div.cpp">
      <Filter>Resource Files</Filter>
    </None>
    <None Include="QWT\qwt_scale_div.h">
      <Filter>Resource Files</Filter>
    </None>
    <None Include="QWT\qwt_scale_draw.cpp">
      <Filter>Resource Files</Filter>
    </None>
    <None Include="QWT\qwt_scale_draw.h">
      <Filter>Resource Files</Filter>
    </None>
    <None Include="QWT\qwt_scale_engine.cpp">
      <Filter>Resource Files</Filter>
    </None>
    <None Include="QWT\qwt_scale_engine.h">
      <Filter>Resource Files</Filter>
    </None>
    <None Include="QWT\qwt_scale_map.cpp">
      <Filter>Resource Files</Filter>
    </None>
    <None Include="QWT\qwt_scale_map.h">
      <Filter>Resource Files</Filter>
    </None>
    <None Include="QWT\qwt_scale_widget.cpp">
      <Filter>Resource Files</Filter>
    </None>
    <None Include="QWT\qwt_scale_widget.h">
      <Filter>Resource Files</Filter>
    </None>
    <None Include="QWT\qwt_series_data.cpp">
      <Filter>Resource Files</Filter>
    </None>
    <None Include="QWT\qwt_series_data.h">
      <Filter>Resource Files</Filter>
    </None>
    <None Include="QWT\qwt_series_store.h">
      <Filter>Resource Files</Filter>
    </None>
    <None Include="QWT\qwt_slider.cpp">
      <Filter>Resource Files</Filter>
    </None>
    <None Include="QWT\qwt_slider.h">
      <Filter>Resource Files</Filter>
    </None>
    <None Include="QWT\qwt_spline.cpp">
      <Filter>Resource Files</Filter>
    </None>
    <None Include="QWT\qwt_spline.h">
      <Filter>Resource Files</Filter>
    </None>
    <None Include="QWT\qwt_symbol.cpp">
      <Filter>Resource Files</Filter>
    </None>
    <None Include="QWT\qwt_symbol.h">
      <Filter>Resource Files</Filter>
    </None>
    <None Include="QWT\qwt_system_clock.cpp">
      <Filter>Resource Files</Filter>
    </None>
    <None Include="QWT\qwt_system_clock.h">
      <Filter>Resource Files</Filter>
    </None>
    <None Include="QWT\qwt_text.cpp">
      <Filter>Resource Files</Filter>
    </None>
    <None Include="QWT\qwt_text.h">
      <Filter>Resource Files</Filter>
    </None>
    <None Include="QWT\qwt_text_engine.cpp">
      <Filter>Resource Files</Filter>
    </None>
    <None Include="QWT\qwt_text_engine.h">
      <Filter>Resource Files</Filter>
    </None>
    <None Include="QWT\qwt_text_label.cpp">
      <Filter>Resource Files</Filter>
    </None>
    <None Include="QWT\qwt_text_label.h">
      <Filter>Resource Files</Filter>
    </None>
    <None Include="QWT\qwt_thermo.cpp">
      <Filter>Resource Files</Filter>
    </None>
    <None Include="QWT\qwt_thermo.h">
      <Filter>Resource Files</Filter>
    </None>
    <None Include="QWT\qwt_transform.cpp">
      <Filter>Resource Files</Filter>
    </None>
    <None Include="QWT\qwt_transform.h">
      <Filter>Resource Files</Filter>
    </None>
    <None Include="QWT\qwt_wheel.cpp">
      <Filter>Resource Files</Filter>
    </None>
    <None Include="QWT\qwt_wheel.h">
      <Filter>Resource Files</Filter>
    </None>
    <None Include="QWT\qwt_widget_overlay.cpp">
      <Filter>Resource Files</Filter>
    </None>
    <None Include="QWT\qwt_widget_overlay.h">
      <Filter>Resource Files</Filter>
    </None>
    <CustomBuild Include="resource.qrc">
      <Filter>Resource Files</Filter>
    </CustomBuild>
    <None Include="speedo_meter.cpp">
      <Filter>Resource Files</Filter>
    </None>
    <None Include="speedo_meter.h">
      <Filter>Resource Files</Filter>
    </None>
    <None Include="GeneratedFiles\ui_Monitor.h">
      <Filter>Resource Files</Filter>
    </None>
    <None Include="GeneratedFiles\ui_ToolWindow.h">
      <Filter>Resource Files</Filter>
    </None>
    <None Include="GeneratedFiles\ui_Workbench.h">
      <Filter>Resource Files</Filter>
    </None>
  </ItemGroup>
</Project>